// !$*UTF8*$!
{
	archiveVersion = 1;
	classes = {
	};
	objectVersion = 51;
	objects = {

/* Begin PBXBuildFile section */
		AA2D297F254D92880039A53A /* GoogleService-Info.plist in Resources */ = {isa = PBXBuildFile; fileRef = AA2D297E254D92880039A53A /* GoogleService-Info.plist */; };
		AA3D2925252771740083FD54 /* AppDelegate.swift in Sources */ = {isa = PBXBuildFile; fileRef = AA3D2924252771740083FD54 /* AppDelegate.swift */; };
		AA3D2927252771740083FD54 /* SceneDelegate.swift in Sources */ = {isa = PBXBuildFile; fileRef = AA3D2926252771740083FD54 /* SceneDelegate.swift */; };
		AA3D2929252771740083FD54 /* LoginVC.swift in Sources */ = {isa = PBXBuildFile; fileRef = AA3D2928252771740083FD54 /* LoginVC.swift */; };
		AA3D292C252771740083FD54 /* Main.storyboard in Resources */ = {isa = PBXBuildFile; fileRef = AA3D292A252771740083FD54 /* Main.storyboard */; };
		AA3D292F252771740083FD54 /* TheBest_iOS_Driver.xcdatamodeld in Sources */ = {isa = PBXBuildFile; fileRef = AA3D292D252771740083FD54 /* TheBest_iOS_Driver.xcdatamodeld */; };
		AA3D2931252771770083FD54 /* Assets.xcassets in Resources */ = {isa = PBXBuildFile; fileRef = AA3D2930252771770083FD54 /* Assets.xcassets */; };
		AA3D2934252771770083FD54 /* LaunchScreen.storyboard in Resources */ = {isa = PBXBuildFile; fileRef = AA3D2932252771770083FD54 /* LaunchScreen.storyboard */; };
		AA3D2949252774760083FD54 /* Lato-BlackItalic.ttf in Resources */ = {isa = PBXBuildFile; fileRef = AA3D293F252774730083FD54 /* Lato-BlackItalic.ttf */; };
		AA3D294A252774760083FD54 /* Lato-Black.ttf in Resources */ = {isa = PBXBuildFile; fileRef = AA3D2940252774730083FD54 /* Lato-Black.ttf */; };
		AA3D294B252774760083FD54 /* Lato-Regular.ttf in Resources */ = {isa = PBXBuildFile; fileRef = AA3D2941252774740083FD54 /* Lato-Regular.ttf */; };
		AA3D294C252774760083FD54 /* Lato-Thin.ttf in Resources */ = {isa = PBXBuildFile; fileRef = AA3D2942252774740083FD54 /* Lato-Thin.ttf */; };
		AA3D294D252774760083FD54 /* Lato-Light.ttf in Resources */ = {isa = PBXBuildFile; fileRef = AA3D2943252774740083FD54 /* Lato-Light.ttf */; };
		AA3D294E252774760083FD54 /* Lato-Bold.ttf in Resources */ = {isa = PBXBuildFile; fileRef = AA3D2944252774750083FD54 /* Lato-Bold.ttf */; };
		AA3D294F252774760083FD54 /* Lato-LightItalic.ttf in Resources */ = {isa = PBXBuildFile; fileRef = AA3D2945252774750083FD54 /* Lato-LightItalic.ttf */; };
		AA3D2950252774760083FD54 /* Lato-ThinItalic.ttf in Resources */ = {isa = PBXBuildFile; fileRef = AA3D2946252774750083FD54 /* Lato-ThinItalic.ttf */; };
		AA3D2951252774760083FD54 /* Lato-Italic.ttf in Resources */ = {isa = PBXBuildFile; fileRef = AA3D2947252774760083FD54 /* Lato-Italic.ttf */; };
		AA3D2952252774760083FD54 /* Lato-BoldItalic.ttf in Resources */ = {isa = PBXBuildFile; fileRef = AA3D2948252774760083FD54 /* Lato-BoldItalic.ttf */; };
		AA3D2959252775380083FD54 /* CustomViews.swift in Sources */ = {isa = PBXBuildFile; fileRef = AA3D2953252775370083FD54 /* CustomViews.swift */; };
		AA3D295A252775380083FD54 /* Images.swift in Sources */ = {isa = PBXBuildFile; fileRef = AA3D2954252775370083FD54 /* Images.swift */; };
		AA3D295B252775380083FD54 /* Drawer.swift in Sources */ = {isa = PBXBuildFile; fileRef = AA3D2955252775370083FD54 /* Drawer.swift */; };
		AA3D295C252775380083FD54 /* Alert.swift in Sources */ = {isa = PBXBuildFile; fileRef = AA3D2956252775370083FD54 /* Alert.swift */; };
		AA3D295D252775380083FD54 /* SetupPicker.swift in Sources */ = {isa = PBXBuildFile; fileRef = AA3D2957252775380083FD54 /* SetupPicker.swift */; };
		AA3D295E252775380083FD54 /* Gradient.swift in Sources */ = {isa = PBXBuildFile; fileRef = AA3D2958252775380083FD54 /* Gradient.swift */; };
		AA5DF088254E0AA20023A485 /* RegisterResponse.swift in Sources */ = {isa = PBXBuildFile; fileRef = AA5DF087254E0AA20023A485 /* RegisterResponse.swift */; };
		AA5DF08C254E0EDA0023A485 /* ReportsVC.swift in Sources */ = {isa = PBXBuildFile; fileRef = AA5DF08B254E0EDA0023A485 /* ReportsVC.swift */; };
		AA5DF08F254E0EEB0023A485 /* ReportsVC+UITableViewDelegate.swift in Sources */ = {isa = PBXBuildFile; fileRef = AA5DF08D254E0EEB0023A485 /* ReportsVC+UITableViewDelegate.swift */; };
		AA5DF090254E0EEB0023A485 /* ReportsVC+MainViewDelegate.swift in Sources */ = {isa = PBXBuildFile; fileRef = AA5DF08E254E0EEB0023A485 /* ReportsVC+MainViewDelegate.swift */; };
		AA5DF092254E10060023A485 /* ReportsResponse.swift in Sources */ = {isa = PBXBuildFile; fileRef = AA5DF091254E10060023A485 /* ReportsResponse.swift */; };
		AAB1A16C2552D37700065179 /* ReceivedOrder.swift in Sources */ = {isa = PBXBuildFile; fileRef = AAB1A16B2552D37700065179 /* ReceivedOrder.swift */; };
		AABBB29D2539008E009A8DE7 /* HomeVC+MainViewDelegate.swift in Sources */ = {isa = PBXBuildFile; fileRef = AABBB29C2539008E009A8DE7 /* HomeVC+MainViewDelegate.swift */; };
		AABBB29F2539048F009A8DE7 /* DriverReports.swift in Sources */ = {isa = PBXBuildFile; fileRef = AABBB29E2539048F009A8DE7 /* DriverReports.swift */; };
		AABBB2A125390A06009A8DE7 /* TripByIdResponse.swift in Sources */ = {isa = PBXBuildFile; fileRef = AABBB2A025390A06009A8DE7 /* TripByIdResponse.swift */; };
		AAC9801125307A2600BC1911 /* APIServices.swift in Sources */ = {isa = PBXBuildFile; fileRef = AAC9801025307A2600BC1911 /* APIServices.swift */; };
		AAC9801425307AB900BC1911 /* DriversSpecialty.swift in Sources */ = {isa = PBXBuildFile; fileRef = AAC9801325307AB900BC1911 /* DriversSpecialty.swift */; };
		AACE62902538F5E200EB770D /* ProfileResponse.swift in Sources */ = {isa = PBXBuildFile; fileRef = AACE628F2538F5E200EB770D /* ProfileResponse.swift */; };
		AACE62922538F8DF00EB770D /* MyOrdersResponse.swift in Sources */ = {isa = PBXBuildFile; fileRef = AACE62912538F8DF00EB770D /* MyOrdersResponse.swift */; };
		AACE62952538FD1300EB770D /* MainPresenter.swift in Sources */ = {isa = PBXBuildFile; fileRef = AACE62942538FD1300EB770D /* MainPresenter.swift */; };
		AAD2A311252B132B00E11391 /* Drawer.storyboard in Resources */ = {isa = PBXBuildFile; fileRef = AAD2A310252B132B00E11391 /* Drawer.storyboard */; };
		AAD2A313252B134C00E11391 /* DrawerVC.swift in Sources */ = {isa = PBXBuildFile; fileRef = AAD2A312252B134C00E11391 /* DrawerVC.swift */; };
		AAD2A317252B174100E11391 /* HomeVC.swift in Sources */ = {isa = PBXBuildFile; fileRef = AAD2A316252B174100E11391 /* HomeVC.swift */; };
		AAD2A31C252B25FA00E11391 /* IncomingOrderTableViewCell.swift in Sources */ = {isa = PBXBuildFile; fileRef = AAD2A31A252B25FA00E11391 /* IncomingOrderTableViewCell.swift */; };
		AAD2A31D252B25FA00E11391 /* IncomingOrderTableViewCell.xib in Resources */ = {isa = PBXBuildFile; fileRef = AAD2A31B252B25FA00E11391 /* IncomingOrderTableViewCell.xib */; };
		AAD3EB44254C456B0012E0D3 /* SignUpVC+AuthViewDelegate.swift in Sources */ = {isa = PBXBuildFile; fileRef = AAD3EB43254C456B0012E0D3 /* SignUpVC+AuthViewDelegate.swift */; };
		AAD7BEC72527DF81004BB98F /* SignUpVC.swift in Sources */ = {isa = PBXBuildFile; fileRef = AAD7BEC62527DF81004BB98F /* SignUpVC.swift */; };
		AAD7BEC92527E6C2004BB98F /* Router.swift in Sources */ = {isa = PBXBuildFile; fileRef = AAD7BEC82527E6C2004BB98F /* Router.swift */; };
		AAD7BECB2527F1B2004BB98F /* TextFields.swift in Sources */ = {isa = PBXBuildFile; fileRef = AAD7BECA2527F1B2004BB98F /* TextFields.swift */; };
		AAE73CA4252A0957009584B9 /* ChooseCollectionViewCell.swift in Sources */ = {isa = PBXBuildFile; fileRef = AAE73CA2252A0957009584B9 /* ChooseCollectionViewCell.swift */; };
		AAE73CA5252A0957009584B9 /* ChooseCollectionViewCell.xib in Resources */ = {isa = PBXBuildFile; fileRef = AAE73CA3252A0957009584B9 /* ChooseCollectionViewCell.xib */; };
		AAE73CA8252A0B5B009584B9 /* Option.swift in Sources */ = {isa = PBXBuildFile; fileRef = AAE73CA7252A0B5B009584B9 /* Option.swift */; };
		AAFA31592551550B0080C50A /* OrdersVC.swift in Sources */ = {isa = PBXBuildFile; fileRef = AAFA31582551550B0080C50A /* OrdersVC.swift */; };
		AAFA315B2551562D0080C50A /* OrdersVC+MainViewDelegate.swift in Sources */ = {isa = PBXBuildFile; fileRef = AAFA315A2551562D0080C50A /* OrdersVC+MainViewDelegate.swift */; };
		AAFA315D2551564E0080C50A /* OrdersVC+TableViewDelegate.swift in Sources */ = {isa = PBXBuildFile; fileRef = AAFA315C2551564E0080C50A /* OrdersVC+TableViewDelegate.swift */; };
		AAFA315F255157C40080C50A /* HomeVC+CLLocationManagerDelegate.swift in Sources */ = {isa = PBXBuildFile; fileRef = AAFA315E255157C40080C50A /* HomeVC+CLLocationManagerDelegate.swift */; };
		AAFDB530252F6635000512A7 /* AuthPresenter.swift in Sources */ = {isa = PBXBuildFile; fileRef = AAFDB52F252F6635000512A7 /* AuthPresenter.swift */; };
		AAFDB532252F6670000512A7 /* AuthServices.swift in Sources */ = {isa = PBXBuildFile; fileRef = AAFDB531252F6670000512A7 /* AuthServices.swift */; };
		AAFDB535252F6744000512A7 /* LoginResponse.swift in Sources */ = {isa = PBXBuildFile; fileRef = AAFDB534252F6744000512A7 /* LoginResponse.swift */; };
		AAFDB537252F676E000512A7 /* APIs.swift in Sources */ = {isa = PBXBuildFile; fileRef = AAFDB536252F676E000512A7 /* APIs.swift */; };
		AAFDB539252F681A000512A7 /* SharedData.swift in Sources */ = {isa = PBXBuildFile; fileRef = AAFDB538252F681A000512A7 /* SharedData.swift */; };
		AAFDB53D252F7471000512A7 /* LoginVC+AuthViewDelegate.swift in Sources */ = {isa = PBXBuildFile; fileRef = AAFDB53C252F7471000512A7 /* LoginVC+AuthViewDelegate.swift */; };
		AAFDB545252F826F000512A7 /* DriverInfo.swift in Sources */ = {isa = PBXBuildFile; fileRef = AAFDB544252F826F000512A7 /* DriverInfo.swift */; };
		AAFDB547252F856E000512A7 /* LoginVC+CLLocationManagerDelegate.swift in Sources */ = {isa = PBXBuildFile; fileRef = AAFDB546252F856E000512A7 /* LoginVC+CLLocationManagerDelegate.swift */; };
		D9162586707446DDCCE18E03 /* Pods_TheBest_iOS_Driver.framework in Frameworks */ = {isa = PBXBuildFile; fileRef = 5D7CAB46C20E910D6CF66A88 /* Pods_TheBest_iOS_Driver.framework */; };
/* End PBXBuildFile section */

/* Begin PBXFileReference section */
		1B90ED3A8A644E837F39195F /* Pods-TheBest-iOS-Driver.release.xcconfig */ = {isa = PBXFileReference; includeInIndex = 1; lastKnownFileType = text.xcconfig; name = "Pods-TheBest-iOS-Driver.release.xcconfig"; path = "Target Support Files/Pods-TheBest-iOS-Driver/Pods-TheBest-iOS-Driver.release.xcconfig"; sourceTree = "<group>"; };
		5D7CAB46C20E910D6CF66A88 /* Pods_TheBest_iOS_Driver.framework */ = {isa = PBXFileReference; explicitFileType = wrapper.framework; includeInIndex = 0; path = Pods_TheBest_iOS_Driver.framework; sourceTree = BUILT_PRODUCTS_DIR; };
		91F95078B49ED869431025FA /* Pods-TheBest-iOS-Driver.debug.xcconfig */ = {isa = PBXFileReference; includeInIndex = 1; lastKnownFileType = text.xcconfig; name = "Pods-TheBest-iOS-Driver.debug.xcconfig"; path = "Target Support Files/Pods-TheBest-iOS-Driver/Pods-TheBest-iOS-Driver.debug.xcconfig"; sourceTree = "<group>"; };
		AA2D297E254D92880039A53A /* GoogleService-Info.plist */ = {isa = PBXFileReference; fileEncoding = 4; lastKnownFileType = text.plist.xml; path = "GoogleService-Info.plist"; sourceTree = "<group>"; };
		AA3D2921252771740083FD54 /* The Best Driver.app */ = {isa = PBXFileReference; explicitFileType = wrapper.application; includeInIndex = 0; path = "The Best Driver.app"; sourceTree = BUILT_PRODUCTS_DIR; };
		AA3D2924252771740083FD54 /* AppDelegate.swift */ = {isa = PBXFileReference; lastKnownFileType = sourcecode.swift; path = AppDelegate.swift; sourceTree = "<group>"; };
		AA3D2926252771740083FD54 /* SceneDelegate.swift */ = {isa = PBXFileReference; lastKnownFileType = sourcecode.swift; path = SceneDelegate.swift; sourceTree = "<group>"; };
		AA3D2928252771740083FD54 /* LoginVC.swift */ = {isa = PBXFileReference; lastKnownFileType = sourcecode.swift; path = LoginVC.swift; sourceTree = "<group>"; };
		AA3D292B252771740083FD54 /* Base */ = {isa = PBXFileReference; lastKnownFileType = file.storyboard; name = Base; path = Base.lproj/Main.storyboard; sourceTree = "<group>"; };
		AA3D292E252771740083FD54 /* TheBest_iOS_Driver.xcdatamodel */ = {isa = PBXFileReference; lastKnownFileType = wrapper.xcdatamodel; path = TheBest_iOS_Driver.xcdatamodel; sourceTree = "<group>"; };
		AA3D2930252771770083FD54 /* Assets.xcassets */ = {isa = PBXFileReference; lastKnownFileType = folder.assetcatalog; path = Assets.xcassets; sourceTree = "<group>"; };
		AA3D2933252771770083FD54 /* Base */ = {isa = PBXFileReference; lastKnownFileType = file.storyboard; name = Base; path = Base.lproj/LaunchScreen.storyboard; sourceTree = "<group>"; };
		AA3D2935252771770083FD54 /* Info.plist */ = {isa = PBXFileReference; lastKnownFileType = text.plist.xml; path = Info.plist; sourceTree = "<group>"; };
		AA3D293F252774730083FD54 /* Lato-BlackItalic.ttf */ = {isa = PBXFileReference; lastKnownFileType = file; path = "Lato-BlackItalic.ttf"; sourceTree = "<group>"; };
		AA3D2940252774730083FD54 /* Lato-Black.ttf */ = {isa = PBXFileReference; lastKnownFileType = file; path = "Lato-Black.ttf"; sourceTree = "<group>"; };
		AA3D2941252774740083FD54 /* Lato-Regular.ttf */ = {isa = PBXFileReference; lastKnownFileType = file; path = "Lato-Regular.ttf"; sourceTree = "<group>"; };
		AA3D2942252774740083FD54 /* Lato-Thin.ttf */ = {isa = PBXFileReference; lastKnownFileType = file; path = "Lato-Thin.ttf"; sourceTree = "<group>"; };
		AA3D2943252774740083FD54 /* Lato-Light.ttf */ = {isa = PBXFileReference; lastKnownFileType = file; path = "Lato-Light.ttf"; sourceTree = "<group>"; };
		AA3D2944252774750083FD54 /* Lato-Bold.ttf */ = {isa = PBXFileReference; lastKnownFileType = file; path = "Lato-Bold.ttf"; sourceTree = "<group>"; };
		AA3D2945252774750083FD54 /* Lato-LightItalic.ttf */ = {isa = PBXFileReference; lastKnownFileType = file; path = "Lato-LightItalic.ttf"; sourceTree = "<group>"; };
		AA3D2946252774750083FD54 /* Lato-ThinItalic.ttf */ = {isa = PBXFileReference; lastKnownFileType = file; path = "Lato-ThinItalic.ttf"; sourceTree = "<group>"; };
		AA3D2947252774760083FD54 /* Lato-Italic.ttf */ = {isa = PBXFileReference; lastKnownFileType = file; path = "Lato-Italic.ttf"; sourceTree = "<group>"; };
		AA3D2948252774760083FD54 /* Lato-BoldItalic.ttf */ = {isa = PBXFileReference; lastKnownFileType = file; path = "Lato-BoldItalic.ttf"; sourceTree = "<group>"; };
		AA3D2953252775370083FD54 /* CustomViews.swift */ = {isa = PBXFileReference; fileEncoding = 4; lastKnownFileType = sourcecode.swift; path = CustomViews.swift; sourceTree = "<group>"; };
		AA3D2954252775370083FD54 /* Images.swift */ = {isa = PBXFileReference; fileEncoding = 4; lastKnownFileType = sourcecode.swift; path = Images.swift; sourceTree = "<group>"; };
		AA3D2955252775370083FD54 /* Drawer.swift */ = {isa = PBXFileReference; fileEncoding = 4; lastKnownFileType = sourcecode.swift; path = Drawer.swift; sourceTree = "<group>"; };
		AA3D2956252775370083FD54 /* Alert.swift */ = {isa = PBXFileReference; fileEncoding = 4; lastKnownFileType = sourcecode.swift; path = Alert.swift; sourceTree = "<group>"; };
		AA3D2957252775380083FD54 /* SetupPicker.swift */ = {isa = PBXFileReference; fileEncoding = 4; lastKnownFileType = sourcecode.swift; path = SetupPicker.swift; sourceTree = "<group>"; };
		AA3D2958252775380083FD54 /* Gradient.swift */ = {isa = PBXFileReference; fileEncoding = 4; lastKnownFileType = sourcecode.swift; path = Gradient.swift; sourceTree = "<group>"; };
		AA5DF087254E0AA20023A485 /* RegisterResponse.swift */ = {isa = PBXFileReference; lastKnownFileType = sourcecode.swift; path = RegisterResponse.swift; sourceTree = "<group>"; };
		AA5DF08B254E0EDA0023A485 /* ReportsVC.swift */ = {isa = PBXFileReference; fileEncoding = 4; lastKnownFileType = sourcecode.swift; path = ReportsVC.swift; sourceTree = "<group>"; };
		AA5DF08D254E0EEB0023A485 /* ReportsVC+UITableViewDelegate.swift */ = {isa = PBXFileReference; fileEncoding = 4; lastKnownFileType = sourcecode.swift; path = "ReportsVC+UITableViewDelegate.swift"; sourceTree = "<group>"; };
		AA5DF08E254E0EEB0023A485 /* ReportsVC+MainViewDelegate.swift */ = {isa = PBXFileReference; fileEncoding = 4; lastKnownFileType = sourcecode.swift; path = "ReportsVC+MainViewDelegate.swift"; sourceTree = "<group>"; };
		AA5DF091254E10060023A485 /* ReportsResponse.swift */ = {isa = PBXFileReference; lastKnownFileType = sourcecode.swift; path = ReportsResponse.swift; sourceTree = "<group>"; };
		AAB1A16B2552D37700065179 /* ReceivedOrder.swift */ = {isa = PBXFileReference; lastKnownFileType = sourcecode.swift; path = ReceivedOrder.swift; sourceTree = "<group>"; };
		AABBB29C2539008E009A8DE7 /* HomeVC+MainViewDelegate.swift */ = {isa = PBXFileReference; lastKnownFileType = sourcecode.swift; path = "HomeVC+MainViewDelegate.swift"; sourceTree = "<group>"; };
		AABBB29E2539048F009A8DE7 /* DriverReports.swift */ = {isa = PBXFileReference; lastKnownFileType = sourcecode.swift; path = DriverReports.swift; sourceTree = "<group>"; };
		AABBB2A025390A06009A8DE7 /* TripByIdResponse.swift */ = {isa = PBXFileReference; lastKnownFileType = sourcecode.swift; path = TripByIdResponse.swift; sourceTree = "<group>"; };
		AAC9801025307A2600BC1911 /* APIServices.swift */ = {isa = PBXFileReference; lastKnownFileType = sourcecode.swift; path = APIServices.swift; sourceTree = "<group>"; };
		AAC9801325307AB900BC1911 /* DriversSpecialty.swift */ = {isa = PBXFileReference; lastKnownFileType = sourcecode.swift; path = DriversSpecialty.swift; sourceTree = "<group>"; };
		AACE628F2538F5E200EB770D /* ProfileResponse.swift */ = {isa = PBXFileReference; lastKnownFileType = sourcecode.swift; path = ProfileResponse.swift; sourceTree = "<group>"; };
		AACE62912538F8DF00EB770D /* MyOrdersResponse.swift */ = {isa = PBXFileReference; lastKnownFileType = sourcecode.swift; path = MyOrdersResponse.swift; sourceTree = "<group>"; };
		AACE62942538FD1300EB770D /* MainPresenter.swift */ = {isa = PBXFileReference; lastKnownFileType = sourcecode.swift; path = MainPresenter.swift; sourceTree = "<group>"; };
		AAD2A310252B132B00E11391 /* Drawer.storyboard */ = {isa = PBXFileReference; fileEncoding = 4; lastKnownFileType = file.storyboard; path = Drawer.storyboard; sourceTree = "<group>"; };
		AAD2A312252B134C00E11391 /* DrawerVC.swift */ = {isa = PBXFileReference; fileEncoding = 4; lastKnownFileType = sourcecode.swift; path = DrawerVC.swift; sourceTree = "<group>"; };
		AAD2A316252B174100E11391 /* HomeVC.swift */ = {isa = PBXFileReference; fileEncoding = 4; lastKnownFileType = sourcecode.swift; path = HomeVC.swift; sourceTree = "<group>"; };
		AAD2A31A252B25FA00E11391 /* IncomingOrderTableViewCell.swift */ = {isa = PBXFileReference; lastKnownFileType = sourcecode.swift; path = IncomingOrderTableViewCell.swift; sourceTree = "<group>"; };
		AAD2A31B252B25FA00E11391 /* IncomingOrderTableViewCell.xib */ = {isa = PBXFileReference; lastKnownFileType = file.xib; path = IncomingOrderTableViewCell.xib; sourceTree = "<group>"; };
		AAD3EB43254C456B0012E0D3 /* SignUpVC+AuthViewDelegate.swift */ = {isa = PBXFileReference; lastKnownFileType = sourcecode.swift; path = "SignUpVC+AuthViewDelegate.swift"; sourceTree = "<group>"; };
		AAD7BEC62527DF81004BB98F /* SignUpVC.swift */ = {isa = PBXFileReference; lastKnownFileType = sourcecode.swift; path = SignUpVC.swift; sourceTree = "<group>"; };
		AAD7BEC82527E6C2004BB98F /* Router.swift */ = {isa = PBXFileReference; lastKnownFileType = sourcecode.swift; path = Router.swift; sourceTree = "<group>"; };
		AAD7BECA2527F1B2004BB98F /* TextFields.swift */ = {isa = PBXFileReference; lastKnownFileType = sourcecode.swift; path = TextFields.swift; sourceTree = "<group>"; };
		AAD9477F254EE4E200E75266 /* The Best Driver.entitlements */ = {isa = PBXFileReference; lastKnownFileType = text.plist.entitlements; path = "The Best Driver.entitlements"; sourceTree = "<group>"; };
		AAE73CA2252A0957009584B9 /* ChooseCollectionViewCell.swift */ = {isa = PBXFileReference; lastKnownFileType = sourcecode.swift; path = ChooseCollectionViewCell.swift; sourceTree = "<group>"; };
		AAE73CA3252A0957009584B9 /* ChooseCollectionViewCell.xib */ = {isa = PBXFileReference; lastKnownFileType = file.xib; path = ChooseCollectionViewCell.xib; sourceTree = "<group>"; };
		AAE73CA7252A0B5B009584B9 /* Option.swift */ = {isa = PBXFileReference; lastKnownFileType = sourcecode.swift; path = Option.swift; sourceTree = "<group>"; };
		AAFA31582551550B0080C50A /* OrdersVC.swift */ = {isa = PBXFileReference; lastKnownFileType = sourcecode.swift; path = OrdersVC.swift; sourceTree = "<group>"; };
		AAFA315A2551562D0080C50A /* OrdersVC+MainViewDelegate.swift */ = {isa = PBXFileReference; lastKnownFileType = sourcecode.swift; path = "OrdersVC+MainViewDelegate.swift"; sourceTree = "<group>"; };
		AAFA315C2551564E0080C50A /* OrdersVC+TableViewDelegate.swift */ = {isa = PBXFileReference; lastKnownFileType = sourcecode.swift; path = "OrdersVC+TableViewDelegate.swift"; sourceTree = "<group>"; };
		AAFA315E255157C40080C50A /* HomeVC+CLLocationManagerDelegate.swift */ = {isa = PBXFileReference; lastKnownFileType = sourcecode.swift; path = "HomeVC+CLLocationManagerDelegate.swift"; sourceTree = "<group>"; };
		AAFDB52F252F6635000512A7 /* AuthPresenter.swift */ = {isa = PBXFileReference; lastKnownFileType = sourcecode.swift; path = AuthPresenter.swift; sourceTree = "<group>"; };
		AAFDB531252F6670000512A7 /* AuthServices.swift */ = {isa = PBXFileReference; lastKnownFileType = sourcecode.swift; path = AuthServices.swift; sourceTree = "<group>"; };
		AAFDB534252F6744000512A7 /* LoginResponse.swift */ = {isa = PBXFileReference; lastKnownFileType = sourcecode.swift; path = LoginResponse.swift; sourceTree = "<group>"; };
		AAFDB536252F676E000512A7 /* APIs.swift */ = {isa = PBXFileReference; lastKnownFileType = sourcecode.swift; path = APIs.swift; sourceTree = "<group>"; };
		AAFDB538252F681A000512A7 /* SharedData.swift */ = {isa = PBXFileReference; lastKnownFileType = sourcecode.swift; path = SharedData.swift; sourceTree = "<group>"; };
		AAFDB53C252F7471000512A7 /* LoginVC+AuthViewDelegate.swift */ = {isa = PBXFileReference; lastKnownFileType = sourcecode.swift; path = "LoginVC+AuthViewDelegate.swift"; sourceTree = "<group>"; };
		AAFDB544252F826F000512A7 /* DriverInfo.swift */ = {isa = PBXFileReference; lastKnownFileType = sourcecode.swift; path = DriverInfo.swift; sourceTree = "<group>"; };
		AAFDB546252F856E000512A7 /* LoginVC+CLLocationManagerDelegate.swift */ = {isa = PBXFileReference; lastKnownFileType = sourcecode.swift; path = "LoginVC+CLLocationManagerDelegate.swift"; sourceTree = "<group>"; };
/* End PBXFileReference section */

/* Begin PBXFrameworksBuildPhase section */
		AA3D291E252771740083FD54 /* Frameworks */ = {
			isa = PBXFrameworksBuildPhase;
			buildActionMask = 2147483647;
			files = (
				D9162586707446DDCCE18E03 /* Pods_TheBest_iOS_Driver.framework in Frameworks */,
			);
			runOnlyForDeploymentPostprocessing = 0;
		};
/* End PBXFrameworksBuildPhase section */

/* Begin PBXGroup section */
		A728EF6E5FB3FE28C1E49E4A /* Frameworks */ = {
			isa = PBXGroup;
			children = (
				5D7CAB46C20E910D6CF66A88 /* Pods_TheBest_iOS_Driver.framework */,
			);
			name = Frameworks;
			sourceTree = "<group>";
		};
		AA3D2918252771740083FD54 = {
			isa = PBXGroup;
			children = (
				AA3D2923252771740083FD54 /* TheBest-iOS-Driver */,
				AA3D2922252771740083FD54 /* Products */,
				EE321762839E3FF509DB94B4 /* Pods */,
				A728EF6E5FB3FE28C1E49E4A /* Frameworks */,
			);
			sourceTree = "<group>";
		};
		AA3D2922252771740083FD54 /* Products */ = {
			isa = PBXGroup;
			children = (
				AA3D2921252771740083FD54 /* The Best Driver.app */,
			);
			name = Products;
			sourceTree = "<group>";
		};
		AA3D2923252771740083FD54 /* TheBest-iOS-Driver */ = {
			isa = PBXGroup;
			children = (
				AAD9477F254EE4E200E75266 /* The Best Driver.entitlements */,
				AA3D293B252773640083FD54 /* Configurations */,
				AA3D293C252773BB0083FD54 /* Storyboards */,
				AA3D29AC252782D10083FD54 /* Scenes */,
				AA3D295F252775460083FD54 /* UI-Helpers */,
				AA3D293D252773DA0083FD54 /* Utilities */,
			);
			path = "TheBest-iOS-Driver";
			sourceTree = "<group>";
		};
		AA3D293B252773640083FD54 /* Configurations */ = {
			isa = PBXGroup;
			children = (
				AA3D2924252771740083FD54 /* AppDelegate.swift */,
				AA3D2926252771740083FD54 /* SceneDelegate.swift */,
				AA2D297E254D92880039A53A /* GoogleService-Info.plist */,
				AA3D2935252771770083FD54 /* Info.plist */,
				AA3D2930252771770083FD54 /* Assets.xcassets */,
			);
			path = Configurations;
			sourceTree = "<group>";
		};
		AA3D293C252773BB0083FD54 /* Storyboards */ = {
			isa = PBXGroup;
			children = (
				AA3D2932252771770083FD54 /* LaunchScreen.storyboard */,
				AA3D292A252771740083FD54 /* Main.storyboard */,
				AAD2A310252B132B00E11391 /* Drawer.storyboard */,
			);
			path = Storyboards;
			sourceTree = "<group>";
		};
		AA3D293D252773DA0083FD54 /* Utilities */ = {
			isa = PBXGroup;
			children = (
				AA3D293E2527741F0083FD54 /* Fonts */,
				AA3D292D252771740083FD54 /* TheBest_iOS_Driver.xcdatamodeld */,
				AAD7BEC82527E6C2004BB98F /* Router.swift */,
				AAFDB536252F676E000512A7 /* APIs.swift */,
				AAFDB538252F681A000512A7 /* SharedData.swift */,
			);
			path = Utilities;
			sourceTree = "<group>";
		};
		AA3D293E2527741F0083FD54 /* Fonts */ = {
			isa = PBXGroup;
			children = (
				AA3D2940252774730083FD54 /* Lato-Black.ttf */,
				AA3D293F252774730083FD54 /* Lato-BlackItalic.ttf */,
				AA3D2944252774750083FD54 /* Lato-Bold.ttf */,
				AA3D2948252774760083FD54 /* Lato-BoldItalic.ttf */,
				AA3D2947252774760083FD54 /* Lato-Italic.ttf */,
				AA3D2943252774740083FD54 /* Lato-Light.ttf */,
				AA3D2945252774750083FD54 /* Lato-LightItalic.ttf */,
				AA3D2941252774740083FD54 /* Lato-Regular.ttf */,
				AA3D2942252774740083FD54 /* Lato-Thin.ttf */,
				AA3D2946252774750083FD54 /* Lato-ThinItalic.ttf */,
			);
			path = Fonts;
			sourceTree = "<group>";
		};
		AA3D295F252775460083FD54 /* UI-Helpers */ = {
			isa = PBXGroup;
			children = (
				AA3D2956252775370083FD54 /* Alert.swift */,
				AA3D2953252775370083FD54 /* CustomViews.swift */,
				AA3D2955252775370083FD54 /* Drawer.swift */,
				AA3D2958252775380083FD54 /* Gradient.swift */,
				AA3D2954252775370083FD54 /* Images.swift */,
				AA3D2957252775380083FD54 /* SetupPicker.swift */,
				AAD7BECA2527F1B2004BB98F /* TextFields.swift */,
			);
			path = "UI-Helpers";
			sourceTree = "<group>";
		};
		AA3D29AC252782D10083FD54 /* Scenes */ = {
			isa = PBXGroup;
			children = (
				AAD2A312252B134C00E11391 /* DrawerVC.swift */,
				AA3D29AE252785250083FD54 /* Login+Register */,
				AAC9800D253078DE00BC1911 /* Main */,
			);
			path = Scenes;
			sourceTree = "<group>";
		};
		AA3D29AE252785250083FD54 /* Login+Register */ = {
			isa = PBXGroup;
			children = (
				AAE73CA1252A0920009584B9 /* XIBs */,
				AAFDB541252F756E000512A7 /* Interactor */,
				AAFDB542252F7574000512A7 /* Presenter */,
				AAFDB540252F7568000512A7 /* View */,
				AAFDB53F252F7563000512A7 /* Model */,
			);
			path = "Login+Register";
			sourceTree = "<group>";
		};
		AA5DF089254E0EB60023A485 /* Home */ = {
			isa = PBXGroup;
			children = (
				AAD2A316252B174100E11391 /* HomeVC.swift */,
				AABBB29C2539008E009A8DE7 /* HomeVC+MainViewDelegate.swift */,
				AAFA315E255157C40080C50A /* HomeVC+CLLocationManagerDelegate.swift */,
			);
			path = Home;
			sourceTree = "<group>";
		};
		AA5DF08A254E0EC00023A485 /* Reports */ = {
			isa = PBXGroup;
			children = (
				AA5DF08B254E0EDA0023A485 /* ReportsVC.swift */,
				AA5DF08E254E0EEB0023A485 /* ReportsVC+MainViewDelegate.swift */,
				AA5DF08D254E0EEB0023A485 /* ReportsVC+UITableViewDelegate.swift */,
			);
			path = Reports;
			sourceTree = "<group>";
		};
		AAC9800D253078DE00BC1911 /* Main */ = {
			isa = PBXGroup;
			children = (
				AAD2A318252B25D100E11391 /* XIBs */,
				AAC9801225307A4700BC1911 /* Model */,
				AAC9800F2530795F00BC1911 /* Interactor */,
				AAD2A315252B172300E11391 /* View */,
				AACE62932538FC9A00EB770D /* Presenter */,
			);
			path = Main;
			sourceTree = "<group>";
		};
		AAC9800F2530795F00BC1911 /* Interactor */ = {
			isa = PBXGroup;
			children = (
				AAC9801025307A2600BC1911 /* APIServices.swift */,
			);
			path = Interactor;
			sourceTree = "<group>";
		};
		AAC9801225307A4700BC1911 /* Model */ = {
			isa = PBXGroup;
			children = (
				AAC9801325307AB900BC1911 /* DriversSpecialty.swift */,
				AACE62912538F8DF00EB770D /* MyOrdersResponse.swift */,
				AABBB29E2539048F009A8DE7 /* DriverReports.swift */,
				AABBB2A025390A06009A8DE7 /* TripByIdResponse.swift */,
				AA5DF091254E10060023A485 /* ReportsResponse.swift */,
				AAB1A16B2552D37700065179 /* ReceivedOrder.swift */,
			);
			path = Model;
			sourceTree = "<group>";
		};
		AACE62932538FC9A00EB770D /* Presenter */ = {
			isa = PBXGroup;
			children = (
				AACE62942538FD1300EB770D /* MainPresenter.swift */,
			);
			path = Presenter;
			sourceTree = "<group>";
		};
		AAD2A315252B172300E11391 /* View */ = {
			isa = PBXGroup;
			children = (
				AAFA3157255154F70080C50A /* Orders */,
				AA5DF089254E0EB60023A485 /* Home */,
				AA5DF08A254E0EC00023A485 /* Reports */,
			);
			path = View;
			sourceTree = "<group>";
		};
		AAD2A318252B25D100E11391 /* XIBs */ = {
			isa = PBXGroup;
			children = (
				AAD2A319252B25E000E11391 /* IncomingOrder */,
			);
			path = XIBs;
			sourceTree = "<group>";
		};
		AAD2A319252B25E000E11391 /* IncomingOrder */ = {
			isa = PBXGroup;
			children = (
				AAD2A31A252B25FA00E11391 /* IncomingOrderTableViewCell.swift */,
				AAD2A31B252B25FA00E11391 /* IncomingOrderTableViewCell.xib */,
			);
			path = IncomingOrder;
			sourceTree = "<group>";
		};
		AAE73CA1252A0920009584B9 /* XIBs */ = {
			isa = PBXGroup;
			children = (
				AAE73CA2252A0957009584B9 /* ChooseCollectionViewCell.swift */,
				AAE73CA3252A0957009584B9 /* ChooseCollectionViewCell.xib */,
			);
			path = XIBs;
			sourceTree = "<group>";
		};
		AAFA3157255154F70080C50A /* Orders */ = {
			isa = PBXGroup;
			children = (
				AAFA31582551550B0080C50A /* OrdersVC.swift */,
				AAFA315A2551562D0080C50A /* OrdersVC+MainViewDelegate.swift */,
				AAFA315C2551564E0080C50A /* OrdersVC+TableViewDelegate.swift */,
			);
			path = Orders;
			sourceTree = "<group>";
		};
		AAFDB53E252F7554000512A7 /* Login */ = {
			isa = PBXGroup;
			children = (
				AA3D2928252771740083FD54 /* LoginVC.swift */,
				AAFDB53C252F7471000512A7 /* LoginVC+AuthViewDelegate.swift */,
				AAFDB546252F856E000512A7 /* LoginVC+CLLocationManagerDelegate.swift */,
			);
			path = Login;
			sourceTree = "<group>";
		};
		AAFDB53F252F7563000512A7 /* Model */ = {
			isa = PBXGroup;
			children = (
				AAE73CA7252A0B5B009584B9 /* Option.swift */,
				AAFDB534252F6744000512A7 /* LoginResponse.swift */,
				AAFDB544252F826F000512A7 /* DriverInfo.swift */,
				AA5DF087254E0AA20023A485 /* RegisterResponse.swift */,
				AACE628F2538F5E200EB770D /* ProfileResponse.swift */,
			);
			path = Model;
			sourceTree = "<group>";
		};
		AAFDB540252F7568000512A7 /* View */ = {
			isa = PBXGroup;
			children = (
				AAFDB543252F7589000512A7 /* SignUp */,
				AAFDB53E252F7554000512A7 /* Login */,
			);
			path = View;
			sourceTree = "<group>";
		};
		AAFDB541252F756E000512A7 /* Interactor */ = {
			isa = PBXGroup;
			children = (
				AAFDB531252F6670000512A7 /* AuthServices.swift */,
			);
			path = Interactor;
			sourceTree = "<group>";
		};
		AAFDB542252F7574000512A7 /* Presenter */ = {
			isa = PBXGroup;
			children = (
				AAFDB52F252F6635000512A7 /* AuthPresenter.swift */,
			);
			path = Presenter;
			sourceTree = "<group>";
		};
		AAFDB543252F7589000512A7 /* SignUp */ = {
			isa = PBXGroup;
			children = (
				AAD7BEC62527DF81004BB98F /* SignUpVC.swift */,
				AAD3EB43254C456B0012E0D3 /* SignUpVC+AuthViewDelegate.swift */,
			);
			path = SignUp;
			sourceTree = "<group>";
		};
		EE321762839E3FF509DB94B4 /* Pods */ = {
			isa = PBXGroup;
			children = (
				91F95078B49ED869431025FA /* Pods-TheBest-iOS-Driver.debug.xcconfig */,
				1B90ED3A8A644E837F39195F /* Pods-TheBest-iOS-Driver.release.xcconfig */,
			);
			path = Pods;
			sourceTree = "<group>";
		};
/* End PBXGroup section */

/* Begin PBXNativeTarget section */
		AA3D2920252771740083FD54 /* TheBest-iOS-Driver */ = {
			isa = PBXNativeTarget;
			buildConfigurationList = AA3D2938252771770083FD54 /* Build configuration list for PBXNativeTarget "TheBest-iOS-Driver" */;
			buildPhases = (
				1EB6BAAB68BACB80F7093E80 /* [CP] Check Pods Manifest.lock */,
				AA3D291D252771740083FD54 /* Sources */,
				AA3D291E252771740083FD54 /* Frameworks */,
				AA3D291F252771740083FD54 /* Resources */,
				BC435BFB285794D863A695B3 /* [CP] Embed Pods Frameworks */,
				6347D1DD365C7FBFDAA38E1E /* [CP] Copy Pods Resources */,
			);
			buildRules = (
			);
			dependencies = (
			);
			name = "TheBest-iOS-Driver";
			productName = "TheBest-iOS-Driver";
			productReference = AA3D2921252771740083FD54 /* The Best Driver.app */;
			productType = "com.apple.product-type.application";
		};
/* End PBXNativeTarget section */

/* Begin PBXProject section */
		AA3D2919252771740083FD54 /* Project object */ = {
			isa = PBXProject;
			attributes = {
				LastSwiftUpdateCheck = 1130;
				LastUpgradeCheck = 1130;
				ORGANIZATIONNAME = "Sherif Darwish";
				TargetAttributes = {
					AA3D2920252771740083FD54 = {
						CreatedOnToolsVersion = 11.3.1;
					};
				};
			};
			buildConfigurationList = AA3D291C252771740083FD54 /* Build configuration list for PBXProject "TheBest-iOS-Driver" */;
			compatibilityVersion = "Xcode 9.3";
			developmentRegion = en;
			hasScannedForEncodings = 0;
			knownRegions = (
				en,
				Base,
			);
			mainGroup = AA3D2918252771740083FD54;
			productRefGroup = AA3D2922252771740083FD54 /* Products */;
			projectDirPath = "";
			projectRoot = "";
			targets = (
				AA3D2920252771740083FD54 /* TheBest-iOS-Driver */,
			);
		};
/* End PBXProject section */

/* Begin PBXResourcesBuildPhase section */
		AA3D291F252771740083FD54 /* Resources */ = {
			isa = PBXResourcesBuildPhase;
			buildActionMask = 2147483647;
			files = (
				AA2D297F254D92880039A53A /* GoogleService-Info.plist in Resources */,
				AA3D2949252774760083FD54 /* Lato-BlackItalic.ttf in Resources */,
				AAE73CA5252A0957009584B9 /* ChooseCollectionViewCell.xib in Resources */,
				AA3D294F252774760083FD54 /* Lato-LightItalic.ttf in Resources */,
				AA3D294B252774760083FD54 /* Lato-Regular.ttf in Resources */,
				AA3D294C252774760083FD54 /* Lato-Thin.ttf in Resources */,
				AAD2A31D252B25FA00E11391 /* IncomingOrderTableViewCell.xib in Resources */,
				AA3D2934252771770083FD54 /* LaunchScreen.storyboard in Resources */,
				AA3D2931252771770083FD54 /* Assets.xcassets in Resources */,
				AA3D294A252774760083FD54 /* Lato-Black.ttf in Resources */,
				AA3D2950252774760083FD54 /* Lato-ThinItalic.ttf in Resources */,
				AA3D292C252771740083FD54 /* Main.storyboard in Resources */,
				AA3D294E252774760083FD54 /* Lato-Bold.ttf in Resources */,
				AA3D2951252774760083FD54 /* Lato-Italic.ttf in Resources */,
				AAD2A311252B132B00E11391 /* Drawer.storyboard in Resources */,
				AA3D294D252774760083FD54 /* Lato-Light.ttf in Resources */,
				AA3D2952252774760083FD54 /* Lato-BoldItalic.ttf in Resources */,
			);
			runOnlyForDeploymentPostprocessing = 0;
		};
/* End PBXResourcesBuildPhase section */

/* Begin PBXShellScriptBuildPhase section */
		1EB6BAAB68BACB80F7093E80 /* [CP] Check Pods Manifest.lock */ = {
			isa = PBXShellScriptBuildPhase;
			buildActionMask = 2147483647;
			files = (
			);
			inputFileListPaths = (
			);
			inputPaths = (
				"${PODS_PODFILE_DIR_PATH}/Podfile.lock",
				"${PODS_ROOT}/Manifest.lock",
			);
			name = "[CP] Check Pods Manifest.lock";
			outputFileListPaths = (
			);
			outputPaths = (
				"$(DERIVED_FILE_DIR)/Pods-TheBest-iOS-Driver-checkManifestLockResult.txt",
			);
			runOnlyForDeploymentPostprocessing = 0;
			shellPath = /bin/sh;
			shellScript = "diff \"${PODS_PODFILE_DIR_PATH}/Podfile.lock\" \"${PODS_ROOT}/Manifest.lock\" > /dev/null\nif [ $? != 0 ] ; then\n    # print error to STDERR\n    echo \"error: The sandbox is not in sync with the Podfile.lock. Run 'pod install' or update your CocoaPods installation.\" >&2\n    exit 1\nfi\n# This output is used by Xcode 'outputs' to avoid re-running this script phase.\necho \"SUCCESS\" > \"${SCRIPT_OUTPUT_FILE_0}\"\n";
			showEnvVarsInLog = 0;
		};
		6347D1DD365C7FBFDAA38E1E /* [CP] Copy Pods Resources */ = {
			isa = PBXShellScriptBuildPhase;
			buildActionMask = 2147483647;
			files = (
			);
			inputFileListPaths = (
				"${PODS_ROOT}/Target Support Files/Pods-TheBest-iOS-Driver/Pods-TheBest-iOS-Driver-resources-${CONFIGURATION}-input-files.xcfilelist",
			);
			name = "[CP] Copy Pods Resources";
			outputFileListPaths = (
				"${PODS_ROOT}/Target Support Files/Pods-TheBest-iOS-Driver/Pods-TheBest-iOS-Driver-resources-${CONFIGURATION}-output-files.xcfilelist",
			);
			runOnlyForDeploymentPostprocessing = 0;
			shellPath = /bin/sh;
			shellScript = "\"${PODS_ROOT}/Target Support Files/Pods-TheBest-iOS-Driver/Pods-TheBest-iOS-Driver-resources.sh\"\n";
			showEnvVarsInLog = 0;
		};
		BC435BFB285794D863A695B3 /* [CP] Embed Pods Frameworks */ = {
			isa = PBXShellScriptBuildPhase;
			buildActionMask = 2147483647;
			files = (
			);
			inputFileListPaths = (
				"${PODS_ROOT}/Target Support Files/Pods-TheBest-iOS-Driver/Pods-TheBest-iOS-Driver-frameworks-${CONFIGURATION}-input-files.xcfilelist",
			);
			name = "[CP] Embed Pods Frameworks";
			outputFileListPaths = (
				"${PODS_ROOT}/Target Support Files/Pods-TheBest-iOS-Driver/Pods-TheBest-iOS-Driver-frameworks-${CONFIGURATION}-output-files.xcfilelist",
			);
			runOnlyForDeploymentPostprocessing = 0;
			shellPath = /bin/sh;
			shellScript = "\"${PODS_ROOT}/Target Support Files/Pods-TheBest-iOS-Driver/Pods-TheBest-iOS-Driver-frameworks.sh\"\n";
			showEnvVarsInLog = 0;
		};
/* End PBXShellScriptBuildPhase section */

/* Begin PBXSourcesBuildPhase section */
		AA3D291D252771740083FD54 /* Sources */ = {
			isa = PBXSourcesBuildPhase;
			buildActionMask = 2147483647;
			files = (
				AA3D2929252771740083FD54 /* LoginVC.swift in Sources */,
				AABBB29F2539048F009A8DE7 /* DriverReports.swift in Sources */,
				AAFA315B2551562D0080C50A /* OrdersVC+MainViewDelegate.swift in Sources */,
				AAFDB547252F856E000512A7 /* LoginVC+CLLocationManagerDelegate.swift in Sources */,
				AA3D295A252775380083FD54 /* Images.swift in Sources */,
				AA3D2925252771740083FD54 /* AppDelegate.swift in Sources */,
				AAD7BEC72527DF81004BB98F /* SignUpVC.swift in Sources */,
				AABBB29D2539008E009A8DE7 /* HomeVC+MainViewDelegate.swift in Sources */,
				AAFA315F255157C40080C50A /* HomeVC+CLLocationManagerDelegate.swift in Sources */,
				AAFDB530252F6635000512A7 /* AuthPresenter.swift in Sources */,
				AAD7BEC92527E6C2004BB98F /* Router.swift in Sources */,
				AA5DF08F254E0EEB0023A485 /* ReportsVC+UITableViewDelegate.swift in Sources */,
				AACE62922538F8DF00EB770D /* MyOrdersResponse.swift in Sources */,
				AACE62902538F5E200EB770D /* ProfileResponse.swift in Sources */,
				AAD2A317252B174100E11391 /* HomeVC.swift in Sources */,
				AA3D2959252775380083FD54 /* CustomViews.swift in Sources */,
				AAFA315D2551564E0080C50A /* OrdersVC+TableViewDelegate.swift in Sources */,
				AA5DF08C254E0EDA0023A485 /* ReportsVC.swift in Sources */,
				AAC9801425307AB900BC1911 /* DriversSpecialty.swift in Sources */,
				AAFDB532252F6670000512A7 /* AuthServices.swift in Sources */,
				AA5DF090254E0EEB0023A485 /* ReportsVC+MainViewDelegate.swift in Sources */,
				AA3D2927252771740083FD54 /* SceneDelegate.swift in Sources */,
				AABBB2A125390A06009A8DE7 /* TripByIdResponse.swift in Sources */,
				AACE62952538FD1300EB770D /* MainPresenter.swift in Sources */,
				AAB1A16C2552D37700065179 /* ReceivedOrder.swift in Sources */,
				AAFDB53D252F7471000512A7 /* LoginVC+AuthViewDelegate.swift in Sources */,
				AAD2A313252B134C00E11391 /* DrawerVC.swift in Sources */,
				AAFDB539252F681A000512A7 /* SharedData.swift in Sources */,
				AAFA31592551550B0080C50A /* OrdersVC.swift in Sources */,
				AAFDB545252F826F000512A7 /* DriverInfo.swift in Sources */,
				AAE73CA8252A0B5B009584B9 /* Option.swift in Sources */,
				AAE73CA4252A0957009584B9 /* ChooseCollectionViewCell.swift in Sources */,
				AA5DF092254E10060023A485 /* ReportsResponse.swift in Sources */,
				AA3D295E252775380083FD54 /* Gradient.swift in Sources */,
				AA3D292F252771740083FD54 /* TheBest_iOS_Driver.xcdatamodeld in Sources */,
				AAD7BECB2527F1B2004BB98F /* TextFields.swift in Sources */,
				AAD3EB44254C456B0012E0D3 /* SignUpVC+AuthViewDelegate.swift in Sources */,
				AA3D295C252775380083FD54 /* Alert.swift in Sources */,
				AA5DF088254E0AA20023A485 /* RegisterResponse.swift in Sources */,
				AA3D295D252775380083FD54 /* SetupPicker.swift in Sources */,
				AAFDB537252F676E000512A7 /* APIs.swift in Sources */,
				AAD2A31C252B25FA00E11391 /* IncomingOrderTableViewCell.swift in Sources */,
				AAFDB535252F6744000512A7 /* LoginResponse.swift in Sources */,
				AAC9801125307A2600BC1911 /* APIServices.swift in Sources */,
				AA3D295B252775380083FD54 /* Drawer.swift in Sources */,
			);
			runOnlyForDeploymentPostprocessing = 0;
		};
/* End PBXSourcesBuildPhase section */

/* Begin PBXVariantGroup section */
		AA3D292A252771740083FD54 /* Main.storyboard */ = {
			isa = PBXVariantGroup;
			children = (
				AA3D292B252771740083FD54 /* Base */,
			);
			name = Main.storyboard;
			sourceTree = "<group>";
		};
		AA3D2932252771770083FD54 /* LaunchScreen.storyboard */ = {
			isa = PBXVariantGroup;
			children = (
				AA3D2933252771770083FD54 /* Base */,
			);
			name = LaunchScreen.storyboard;
			sourceTree = "<group>";
		};
/* End PBXVariantGroup section */

/* Begin XCBuildConfiguration section */
		AA3D2936252771770083FD54 /* Debug */ = {
			isa = XCBuildConfiguration;
			buildSettings = {
				ALWAYS_SEARCH_USER_PATHS = NO;
				CLANG_ANALYZER_NONNULL = YES;
				CLANG_ANALYZER_NUMBER_OBJECT_CONVERSION = YES_AGGRESSIVE;
				CLANG_CXX_LANGUAGE_STANDARD = "gnu++14";
				CLANG_CXX_LIBRARY = "libc++";
				CLANG_ENABLE_MODULES = YES;
				CLANG_ENABLE_OBJC_ARC = YES;
				CLANG_ENABLE_OBJC_WEAK = YES;
				CLANG_WARN_BLOCK_CAPTURE_AUTORELEASING = YES;
				CLANG_WARN_BOOL_CONVERSION = YES;
				CLANG_WARN_COMMA = YES;
				CLANG_WARN_CONSTANT_CONVERSION = YES;
				CLANG_WARN_DEPRECATED_OBJC_IMPLEMENTATIONS = YES;
				CLANG_WARN_DIRECT_OBJC_ISA_USAGE = YES_ERROR;
				CLANG_WARN_DOCUMENTATION_COMMENTS = YES;
				CLANG_WARN_EMPTY_BODY = YES;
				CLANG_WARN_ENUM_CONVERSION = YES;
				CLANG_WARN_INFINITE_RECURSION = YES;
				CLANG_WARN_INT_CONVERSION = YES;
				CLANG_WARN_NON_LITERAL_NULL_CONVERSION = YES;
				CLANG_WARN_OBJC_IMPLICIT_RETAIN_SELF = YES;
				CLANG_WARN_OBJC_LITERAL_CONVERSION = YES;
				CLANG_WARN_OBJC_ROOT_CLASS = YES_ERROR;
				CLANG_WARN_RANGE_LOOP_ANALYSIS = YES;
				CLANG_WARN_STRICT_PROTOTYPES = YES;
				CLANG_WARN_SUSPICIOUS_MOVE = YES;
				CLANG_WARN_UNGUARDED_AVAILABILITY = YES_AGGRESSIVE;
				CLANG_WARN_UNREACHABLE_CODE = YES;
				CLANG_WARN__DUPLICATE_METHOD_MATCH = YES;
				COPY_PHASE_STRIP = NO;
				DEBUG_INFORMATION_FORMAT = dwarf;
				ENABLE_STRICT_OBJC_MSGSEND = YES;
				ENABLE_TESTABILITY = YES;
				GCC_C_LANGUAGE_STANDARD = gnu11;
				GCC_DYNAMIC_NO_PIC = NO;
				GCC_NO_COMMON_BLOCKS = YES;
				GCC_OPTIMIZATION_LEVEL = 0;
				GCC_PREPROCESSOR_DEFINITIONS = (
					"DEBUG=1",
					"$(inherited)",
				);
				GCC_WARN_64_TO_32_BIT_CONVERSION = YES;
				GCC_WARN_ABOUT_RETURN_TYPE = YES_ERROR;
				GCC_WARN_UNDECLARED_SELECTOR = YES;
				GCC_WARN_UNINITIALIZED_AUTOS = YES_AGGRESSIVE;
				GCC_WARN_UNUSED_FUNCTION = YES;
				GCC_WARN_UNUSED_VARIABLE = YES;
				IPHONEOS_DEPLOYMENT_TARGET = 13.2;
				MTL_ENABLE_DEBUG_INFO = INCLUDE_SOURCE;
				MTL_FAST_MATH = YES;
				ONLY_ACTIVE_ARCH = YES;
				SDKROOT = iphoneos;
				SWIFT_ACTIVE_COMPILATION_CONDITIONS = DEBUG;
				SWIFT_OPTIMIZATION_LEVEL = "-Onone";
			};
			name = Debug;
		};
		AA3D2937252771770083FD54 /* Release */ = {
			isa = XCBuildConfiguration;
			buildSettings = {
				ALWAYS_SEARCH_USER_PATHS = NO;
				CLANG_ANALYZER_NONNULL = YES;
				CLANG_ANALYZER_NUMBER_OBJECT_CONVERSION = YES_AGGRESSIVE;
				CLANG_CXX_LANGUAGE_STANDARD = "gnu++14";
				CLANG_CXX_LIBRARY = "libc++";
				CLANG_ENABLE_MODULES = YES;
				CLANG_ENABLE_OBJC_ARC = YES;
				CLANG_ENABLE_OBJC_WEAK = YES;
				CLANG_WARN_BLOCK_CAPTURE_AUTORELEASING = YES;
				CLANG_WARN_BOOL_CONVERSION = YES;
				CLANG_WARN_COMMA = YES;
				CLANG_WARN_CONSTANT_CONVERSION = YES;
				CLANG_WARN_DEPRECATED_OBJC_IMPLEMENTATIONS = YES;
				CLANG_WARN_DIRECT_OBJC_ISA_USAGE = YES_ERROR;
				CLANG_WARN_DOCUMENTATION_COMMENTS = YES;
				CLANG_WARN_EMPTY_BODY = YES;
				CLANG_WARN_ENUM_CONVERSION = YES;
				CLANG_WARN_INFINITE_RECURSION = YES;
				CLANG_WARN_INT_CONVERSION = YES;
				CLANG_WARN_NON_LITERAL_NULL_CONVERSION = YES;
				CLANG_WARN_OBJC_IMPLICIT_RETAIN_SELF = YES;
				CLANG_WARN_OBJC_LITERAL_CONVERSION = YES;
				CLANG_WARN_OBJC_ROOT_CLASS = YES_ERROR;
				CLANG_WARN_RANGE_LOOP_ANALYSIS = YES;
				CLANG_WARN_STRICT_PROTOTYPES = YES;
				CLANG_WARN_SUSPICIOUS_MOVE = YES;
				CLANG_WARN_UNGUARDED_AVAILABILITY = YES_AGGRESSIVE;
				CLANG_WARN_UNREACHABLE_CODE = YES;
				CLANG_WARN__DUPLICATE_METHOD_MATCH = YES;
				COPY_PHASE_STRIP = NO;
				DEBUG_INFORMATION_FORMAT = "dwarf-with-dsym";
				ENABLE_NS_ASSERTIONS = NO;
				ENABLE_STRICT_OBJC_MSGSEND = YES;
				GCC_C_LANGUAGE_STANDARD = gnu11;
				GCC_NO_COMMON_BLOCKS = YES;
				GCC_WARN_64_TO_32_BIT_CONVERSION = YES;
				GCC_WARN_ABOUT_RETURN_TYPE = YES_ERROR;
				GCC_WARN_UNDECLARED_SELECTOR = YES;
				GCC_WARN_UNINITIALIZED_AUTOS = YES_AGGRESSIVE;
				GCC_WARN_UNUSED_FUNCTION = YES;
				GCC_WARN_UNUSED_VARIABLE = YES;
				IPHONEOS_DEPLOYMENT_TARGET = 13.2;
				MTL_ENABLE_DEBUG_INFO = NO;
				MTL_FAST_MATH = YES;
				SDKROOT = iphoneos;
				SWIFT_COMPILATION_MODE = wholemodule;
				SWIFT_OPTIMIZATION_LEVEL = "-O";
				VALIDATE_PRODUCT = YES;
			};
			name = Release;
		};
		AA3D2939252771770083FD54 /* Debug */ = {
			isa = XCBuildConfiguration;
			baseConfigurationReference = 91F95078B49ED869431025FA /* Pods-TheBest-iOS-Driver.debug.xcconfig */;
			buildSettings = {
				ASSETCATALOG_COMPILER_APPICON_NAME = AppIcon;
				CODE_SIGN_ENTITLEMENTS = "TheBest-iOS-Driver/The Best Driver.entitlements";
				CODE_SIGN_STYLE = Automatic;
				CURRENT_PROJECT_VERSION = 3;
				DEVELOPMENT_TEAM = 3Z2NC2D4N3;
				INFOPLIST_FILE = "TheBest-iOS-Driver/Configurations/Info.plist";
				IPHONEOS_DEPLOYMENT_TARGET = 12.4;
				LD_RUNPATH_SEARCH_PATHS = (
					"$(inherited)",
					"@executable_path/Frameworks",
				);
				PRODUCT_BUNDLE_IDENTIFIER = "com.thebest.TheBest-Driver-iOS";
				PRODUCT_NAME = "The Best Driver";
				SWIFT_VERSION = 5.0;
				TARGETED_DEVICE_FAMILY = 1;
			};
			name = Debug;
		};
		AA3D293A252771770083FD54 /* Release */ = {
			isa = XCBuildConfiguration;
			baseConfigurationReference = 1B90ED3A8A644E837F39195F /* Pods-TheBest-iOS-Driver.release.xcconfig */;
			buildSettings = {
				ASSETCATALOG_COMPILER_APPICON_NAME = AppIcon;
				CODE_SIGN_ENTITLEMENTS = "TheBest-iOS-Driver/The Best Driver.entitlements";
				CODE_SIGN_STYLE = Automatic;
				CURRENT_PROJECT_VERSION = 3;
				DEVELOPMENT_TEAM = 3Z2NC2D4N3;
				INFOPLIST_FILE = "TheBest-iOS-Driver/Configurations/Info.plist";
				IPHONEOS_DEPLOYMENT_TARGET = 12.4;
				LD_RUNPATH_SEARCH_PATHS = (
					"$(inherited)",
					"@executable_path/Frameworks",
				);
				PRODUCT_BUNDLE_IDENTIFIER = "com.thebest.TheBest-Driver-iOS";
				PRODUCT_NAME = "The Best Driver";
				SWIFT_VERSION = 5.0;
				TARGETED_DEVICE_FAMILY = 1;
			};
			name = Release;
		};
/* End XCBuildConfiguration section */

/* Begin XCConfigurationList section */
		AA3D291C252771740083FD54 /* Build configuration list for PBXProject "TheBest-iOS-Driver" */ = {
			isa = XCConfigurationList;
			buildConfigurations = (
				AA3D2936252771770083FD54 /* Debug */,
				AA3D2937252771770083FD54 /* Release */,
			);
			defaultConfigurationIsVisible = 0;
			defaultConfigurationName = Release;
		};
		AA3D2938252771770083FD54 /* Build configuration list for PBXNativeTarget "TheBest-iOS-Driver" */ = {
			isa = XCConfigurationList;
			buildConfigurations = (
				AA3D2939252771770083FD54 /* Debug */,
				AA3D293A252771770083FD54 /* Release */,
			);
			defaultConfigurationIsVisible = 0;
			defaultConfigurationName = Release;
		};
/* End XCConfigurationList section */

/* Begin XCVersionGroup section */
		AA3D292D252771740083FD54 /* TheBest_iOS_Driver.xcdatamodeld */ = {
			isa = XCVersionGroup;
			children = (
				AA3D292E252771740083FD54 /* TheBest_iOS_Driver.xcdatamodel */,
			);
			currentVersion = AA3D292E252771740083FD54 /* TheBest_iOS_Driver.xcdatamodel */;
			path = TheBest_iOS_Driver.xcdatamodeld;
			sourceTree = "<group>";
			versionGroupType = wrapper.xcdatamodel;
		};
/* End XCVersionGroup section */
	};
	rootObject = AA3D2919252771740083FD54 /* Project object */;
}
